
Microsoft Visual Studio Solution File, Format Version 12.00
# Visual Studio Version 16
VisualStudioVersion = 16.0.30907.101
MinimumVisualStudioVersion = 10.0.40219.1
Project("{FAE04EC0-301F-11D3-BF4B-00C04F79EFBC}") = "BaiTap4", "BaiTapp1\BaiTap4.csproj", "{63E948DC-A299-497B-80E4-FA42F8DCA25A}"
EndProject
Project("{FAE04EC0-301F-11D3-BF4B-00C04F79EFBC}") = "BaiTap2", "BaiTap2\BaiTap2.csproj", "{1D969555-1A7A-4FC5-9DA7-7AD5D740B768}"
EndProject
Project("{FAE04EC0-301F-11D3-BF4B-00C04F79EFBC}") = "BaiTap1", "BaiTap1\BaiTap1.csproj", "{9640B5E8-6FC8-4FC2-A07B-0E4B20EB3119}"
EndProject
Project("{FAE04EC0-301F-11D3-BF4B-00C04F79EFBC}") = "BaiTap5", "BaiTap5\BaiTap5.csproj", "{F4F4BADD-26DA-4558-BFA6-BFE42ED4E63B}"
EndProject
Project("{FAE04EC0-301F-11D3-BF4B-00C04F79EFBC}") = "BaiTap6", "BaiTap6\BaiTap6.csproj", "{9854F00E-918B-47B5-ADE8-470E2C77BA79}"
EndProject
Project("{FAE04EC0-301F-11D3-BF4B-00C04F79EFBC}") = "BaiTap7", "BaiTap7\BaiTap7.csproj", "{ED8D0D7F-9E50-44E1-B838-95350C76A891}"
EndProject
Project("{9A19103F-16F7-4668-BE54-9A1E7A4F7556}") = "BaiTap3", "BaiTap3\BaiTap3.csproj", "{CF0D3023-CB15-4146-9B41-9D27385466FA}"
EndProject
Project("{9A19103F-16F7-4668-BE54-9A1E7A4F7556}") = "BaiTap8", "BaiTap8\BaiTap8.csproj", "{BB1878DB-8EB8-443B-AD25-7419656D6220}"
EndProject
Project("{9A19103F-16F7-4668-BE54-9A1E7A4F7556}") = "BaiTap9", "BaiTap9\BaiTap9.csproj", "{F335AFC8-EC1D-4FD0-92C0-BBFDA698349F}"
EndProject
Project("{FAE04EC0-301F-11D3-BF4B-00C04F79EFBC}") = "BaiTap10", "BaiTap10\BaiTap10.csproj", "{478C96D4-18D4-4C05-AD33-803E1FF9C17F}"
EndProject
Project("{FAE04EC0-301F-11D3-BF4B-00C04F79EFBC}") = "BaiTap11", "BaiTap11\BaiTap11.csproj", "{C67A083B-9040-4BDB-8957-E9A6900EB8ED}"
EndProject
Project("{FAE04EC0-301F-11D3-BF4B-00C04F79EFBC}") = "BaiTap12", "BaiTap12\BaiTap12.csproj", "{A4D5EA6A-B041-47E5-A0E1-247D1D897304}"
EndProject
Project("{FAE04EC0-301F-11D3-BF4B-00C04F79EFBC}") = "BaiTap13", "BaiTap13\BaiTap13.csproj", "{8F041441-016A-4D55-810E-CD03C8911FDD}"
EndProject
Project("{FAE04EC0-301F-11D3-BF4B-00C04F79EFBC}") = "BaiTap14", "BaiTap14\BaiTap14.csproj", "{835661F7-7C0E-410C-9581-35571039F0B8}"
EndProject
Project("{FAE04EC0-301F-11D3-BF4B-00C04F79EFBC}") = "BaiTap15", "BaiTap15\BaiTap15.csproj", "{63996FF2-2621-437B-BD87-D4220FC52137}"
EndProject
Project("{FAE04EC0-301F-11D3-BF4B-00C04F79EFBC}") = "BaiTap16", "BaiTap16\BaiTap16.csproj", "{A70550EA-45A8-4FE3-8B4F-BF5C0498D1A5}"
EndProject
Project("{FAE04EC0-301F-11D3-BF4B-00C04F79EFBC}") = "BaiTap17", "BaiTap17\BaiTap17.csproj", "{B30F4853-48EC-42D4-AF7A-691F714D5F26}"
EndProject
Project("{FAE04EC0-301F-11D3-BF4B-00C04F79EFBC}") = "BaiTap18", "BaiTap18\BaiTap18.csproj", "{2354DD2F-CFCD-48BA-8D40-BE11C872B630}"
EndProject
Global
	GlobalSection(SolutionConfigurationPlatforms) = preSolution
		Debug|Any CPU = Debug|Any CPU
		Release|Any CPU = Release|Any CPU
	EndGlobalSection
	GlobalSection(ProjectConfigurationPlatforms) = postSolution
		{63E948DC-A299-497B-80E4-FA42F8DCA25A}.Debug|Any CPU.ActiveCfg = Debug|Any CPU
		{63E948DC-A299-497B-80E4-FA42F8DCA25A}.Debug|Any CPU.Build.0 = Debug|Any CPU
		{63E948DC-A299-497B-80E4-FA42F8DCA25A}.Release|Any CPU.ActiveCfg = Release|Any CPU
		{63E948DC-A299-497B-80E4-FA42F8DCA25A}.Release|Any CPU.Build.0 = Release|Any CPU
		{1D969555-1A7A-4FC5-9DA7-7AD5D740B768}.Debug|Any CPU.ActiveCfg = Debug|Any CPU
		{1D969555-1A7A-4FC5-9DA7-7AD5D740B768}.Debug|Any CPU.Build.0 = Debug|Any CPU
		{1D969555-1A7A-4FC5-9DA7-7AD5D740B768}.Release|Any CPU.ActiveCfg = Release|Any CPU
		{1D969555-1A7A-4FC5-9DA7-7AD5D740B768}.Release|Any CPU.Build.0 = Release|Any CPU
		{9640B5E8-6FC8-4FC2-A07B-0E4B20EB3119}.Debug|Any CPU.ActiveCfg = Debug|Any CPU
		{9640B5E8-6FC8-4FC2-A07B-0E4B20EB3119}.Debug|Any CPU.Build.0 = Debug|Any CPU
		{9640B5E8-6FC8-4FC2-A07B-0E4B20EB3119}.Release|Any CPU.ActiveCfg = Release|Any CPU
		{9640B5E8-6FC8-4FC2-A07B-0E4B20EB3119}.Release|Any CPU.Build.0 = Release|Any CPU
		{F4F4BADD-26DA-4558-BFA6-BFE42ED4E63B}.Debug|Any CPU.ActiveCfg = Debug|Any CPU
		{F4F4BADD-26DA-4558-BFA6-BFE42ED4E63B}.Debug|Any CPU.Build.0 = Debug|Any CPU
		{F4F4BADD-26DA-4558-BFA6-BFE42ED4E63B}.Release|Any CPU.ActiveCfg = Release|Any CPU
		{F4F4BADD-26DA-4558-BFA6-BFE42ED4E63B}.Release|Any CPU.Build.0 = Release|Any CPU
		{9854F00E-918B-47B5-ADE8-470E2C77BA79}.Debug|Any CPU.ActiveCfg = Debug|Any CPU
		{9854F00E-918B-47B5-ADE8-470E2C77BA79}.Debug|Any CPU.Build.0 = Debug|Any CPU
		{9854F00E-918B-47B5-ADE8-470E2C77BA79}.Release|Any CPU.ActiveCfg = Release|Any CPU
		{9854F00E-918B-47B5-ADE8-470E2C77BA79}.Release|Any CPU.Build.0 = Release|Any CPU
		{ED8D0D7F-9E50-44E1-B838-95350C76A891}.Debug|Any CPU.ActiveCfg = Debug|Any CPU
		{ED8D0D7F-9E50-44E1-B838-95350C76A891}.Debug|Any CPU.Build.0 = Debug|Any CPU
		{ED8D0D7F-9E50-44E1-B838-95350C76A891}.Release|Any CPU.ActiveCfg = Release|Any CPU
		{ED8D0D7F-9E50-44E1-B838-95350C76A891}.Release|Any CPU.Build.0 = Release|Any CPU
		{CF0D3023-CB15-4146-9B41-9D27385466FA}.Debug|Any CPU.ActiveCfg = Debug|Any CPU
		{CF0D3023-CB15-4146-9B41-9D27385466FA}.Debug|Any CPU.Build.0 = Debug|Any CPU
		{CF0D3023-CB15-4146-9B41-9D27385466FA}.Release|Any CPU.ActiveCfg = Release|Any CPU
		{CF0D3023-CB15-4146-9B41-9D27385466FA}.Release|Any CPU.Build.0 = Release|Any CPU
		{BB1878DB-8EB8-443B-AD25-7419656D6220}.Debug|Any CPU.ActiveCfg = Debug|Any CPU
		{BB1878DB-8EB8-443B-AD25-7419656D6220}.Debug|Any CPU.Build.0 = Debug|Any CPU
		{BB1878DB-8EB8-443B-AD25-7419656D6220}.Release|Any CPU.ActiveCfg = Release|Any CPU
		{BB1878DB-8EB8-443B-AD25-7419656D6220}.Release|Any CPU.Build.0 = Release|Any CPU
		{F335AFC8-EC1D-4FD0-92C0-BBFDA698349F}.Debug|Any CPU.ActiveCfg = Debug|Any CPU
		{F335AFC8-EC1D-4FD0-92C0-BBFDA698349F}.Debug|Any CPU.Build.0 = Debug|Any CPU
		{F335AFC8-EC1D-4FD0-92C0-BBFDA698349F}.Release|Any CPU.ActiveCfg = Release|Any CPU
		{F335AFC8-EC1D-4FD0-92C0-BBFDA698349F}.Release|Any CPU.Build.0 = Release|Any CPU
		{478C96D4-18D4-4C05-AD33-803E1FF9C17F}.Debug|Any CPU.ActiveCfg = Debug|Any CPU
		{478C96D4-18D4-4C05-AD33-803E1FF9C17F}.Debug|Any CPU.Build.0 = Debug|Any CPU
		{478C96D4-18D4-4C05-AD33-803E1FF9C17F}.Release|Any CPU.ActiveCfg = Release|Any CPU
		{478C96D4-18D4-4C05-AD33-803E1FF9C17F}.Release|Any CPU.Build.0 = Release|Any CPU
		{C67A083B-9040-4BDB-8957-E9A6900EB8ED}.Debug|Any CPU.ActiveCfg = Debug|Any CPU
		{C67A083B-9040-4BDB-8957-E9A6900EB8ED}.Debug|Any CPU.Build.0 = Debug|Any CPU
		{C67A083B-9040-4BDB-8957-E9A6900EB8ED}.Release|Any CPU.ActiveCfg = Release|Any CPU
		{C67A083B-9040-4BDB-8957-E9A6900EB8ED}.Release|Any CPU.Build.0 = Release|Any CPU
		{A4D5EA6A-B041-47E5-A0E1-247D1D897304}.Debug|Any CPU.ActiveCfg = Debug|Any CPU
		{A4D5EA6A-B041-47E5-A0E1-247D1D897304}.Debug|Any CPU.Build.0 = Debug|Any CPU
		{A4D5EA6A-B041-47E5-A0E1-247D1D897304}.Release|Any CPU.ActiveCfg = Release|Any CPU
		{A4D5EA6A-B041-47E5-A0E1-247D1D897304}.Release|Any CPU.Build.0 = Release|Any CPU
		{8F041441-016A-4D55-810E-CD03C8911FDD}.Debug|Any CPU.ActiveCfg = Debug|Any CPU
		{8F041441-016A-4D55-810E-CD03C8911FDD}.Debug|Any CPU.Build.0 = Debug|Any CPU
		{8F041441-016A-4D55-810E-CD03C8911FDD}.Release|Any CPU.ActiveCfg = Release|Any CPU
		{8F041441-016A-4D55-810E-CD03C8911FDD}.Release|Any CPU.Build.0 = Release|Any CPU
		{835661F7-7C0E-410C-9581-35571039F0B8}.Debug|Any CPU.ActiveCfg = Debug|Any CPU
		{835661F7-7C0E-410C-9581-35571039F0B8}.Debug|Any CPU.Build.0 = Debug|Any CPU
		{835661F7-7C0E-410C-9581-35571039F0B8}.Release|Any CPU.ActiveCfg = Release|Any CPU
		{835661F7-7C0E-410C-9581-35571039F0B8}.Release|Any CPU.Build.0 = Release|Any CPU
		{63996FF2-2621-437B-BD87-D4220FC52137}.Debug|Any CPU.ActiveCfg = Debug|Any CPU
		{63996FF2-2621-437B-BD87-D4220FC52137}.Debug|Any CPU.Build.0 = Debug|Any CPU
		{63996FF2-2621-437B-BD87-D4220FC52137}.Release|Any CPU.ActiveCfg = Release|Any CPU
		{63996FF2-2621-437B-BD87-D4220FC52137}.Release|Any CPU.Build.0 = Release|Any CPU
		{A70550EA-45A8-4FE3-8B4F-BF5C0498D1A5}.Debug|Any CPU.ActiveCfg = Debug|Any CPU
		{A70550EA-45A8-4FE3-8B4F-BF5C0498D1A5}.Debug|Any CPU.Build.0 = Debug|Any CPU
		{A70550EA-45A8-4FE3-8B4F-BF5C0498D1A5}.Release|Any CPU.ActiveCfg = Release|Any CPU
		{A70550EA-45A8-4FE3-8B4F-BF5C0498D1A5}.Release|Any CPU.Build.0 = Release|Any CPU
		{B30F4853-48EC-42D4-AF7A-691F714D5F26}.Debug|Any CPU.ActiveCfg = Debug|Any CPU
		{B30F4853-48EC-42D4-AF7A-691F714D5F26}.Debug|Any CPU.Build.0 = Debug|Any CPU
		{B30F4853-48EC-42D4-AF7A-691F714D5F26}.Release|Any CPU.ActiveCfg = Release|Any CPU
		{B30F4853-48EC-42D4-AF7A-691F714D5F26}.Release|Any CPU.Build.0 = Release|Any CPU
		{2354DD2F-CFCD-48BA-8D40-BE11C872B630}.Debug|Any CPU.ActiveCfg = Debug|Any CPU
		{2354DD2F-CFCD-48BA-8D40-BE11C872B630}.Debug|Any CPU.Build.0 = Debug|Any CPU
		{2354DD2F-CFCD-48BA-8D40-BE11C872B630}.Release|Any CPU.ActiveCfg = Release|Any CPU
		{2354DD2F-CFCD-48BA-8D40-BE11C872B630}.Release|Any CPU.Build.0 = Release|Any CPU
	EndGlobalSection
	GlobalSection(SolutionProperties) = preSolution
		HideSolutionNode = FALSE
	EndGlobalSection
	GlobalSection(ExtensibilityGlobals) = postSolution
		SolutionGuid = {C723751C-6B04-4BBC-AA00-51E8F282AA06}
	EndGlobalSection
EndGlobal
